// !$*UTF8*$!
{
	archiveVersion = 1;
	classes = {
	};
	objectVersion = 50;
	objects = {

/* Begin PBXBuildFile section */
		0F142362CEBED30C16775D04 /* libPods-emptyView.a in Frameworks */ = {isa = PBXBuildFile; fileRef = D4E809B26FEBFAD4FCB045D7 /* libPods-emptyView.a */; };
		10A4DE1089198F9CF8770776 /* libPods-emptyViewTests.a in Frameworks */ = {isa = PBXBuildFile; fileRef = E38AFA2813E8BD318FA11CD1 /* libPods-emptyViewTests.a */; };
		1ECFB8B6224A17EE00273535 /* UITableView+empety.m in Sources */ = {isa = PBXBuildFile; fileRef = 1ECFB8B5224A17EE00273535 /* UITableView+empety.m */; };
		213176B4211040FA00EAEAC6 /* AppDelegate.m in Sources */ = {isa = PBXBuildFile; fileRef = 213176B3211040FA00EAEAC6 /* AppDelegate.m */; };
		213176B7211040FA00EAEAC6 /* ViewController.m in Sources */ = {isa = PBXBuildFile; fileRef = 213176B6211040FA00EAEAC6 /* ViewController.m */; };
		213176BA211040FA00EAEAC6 /* Main.storyboard in Resources */ = {isa = PBXBuildFile; fileRef = 213176B8211040FA00EAEAC6 /* Main.storyboard */; };
		213176BD211040FA00EAEAC6 /* emptyView.xcdatamodeld in Sources */ = {isa = PBXBuildFile; fileRef = 213176BB211040FA00EAEAC6 /* emptyView.xcdatamodeld */; };
		213176BF211040FC00EAEAC6 /* Assets.xcassets in Resources */ = {isa = PBXBuildFile; fileRef = 213176BE211040FC00EAEAC6 /* Assets.xcassets */; };
		213176C2211040FC00EAEAC6 /* LaunchScreen.storyboard in Resources */ = {isa = PBXBuildFile; fileRef = 213176C0211040FC00EAEAC6 /* LaunchScreen.storyboard */; };
		213176C5211040FC00EAEAC6 /* main.m in Sources */ = {isa = PBXBuildFile; fileRef = 213176C4211040FC00EAEAC6 /* main.m */; };
		213176CF211040FC00EAEAC6 /* emptyViewTests.m in Sources */ = {isa = PBXBuildFile; fileRef = 213176CE211040FC00EAEAC6 /* emptyViewTests.m */; };
		213176DA211040FC00EAEAC6 /* emptyViewUITests.m in Sources */ = {isa = PBXBuildFile; fileRef = 213176D9211040FC00EAEAC6 /* emptyViewUITests.m */; };
		213176E9211041FA00EAEAC6 /* FYEmptyView.m in Sources */ = {isa = PBXBuildFile; fileRef = 213176E8211041FA00EAEAC6 /* FYEmptyView.m */; };
		758C0EC431E416084666FCB2 /* libPods-emptyViewUITests.a in Frameworks */ = {isa = PBXBuildFile; fileRef = 34AE49B9D60003A1AA73DB28 /* libPods-emptyViewUITests.a */; };
/* End PBXBuildFile section */

/* Begin PBXContainerItemProxy section */
		213176CB211040FC00EAEAC6 /* PBXContainerItemProxy */ = {
			isa = PBXContainerItemProxy;
			containerPortal = 213176A7211040FA00EAEAC6 /* Project object */;
			proxyType = 1;
			remoteGlobalIDString = 213176AE211040FA00EAEAC6;
			remoteInfo = emptyView;
		};
		213176D6211040FC00EAEAC6 /* PBXContainerItemProxy */ = {
			isa = PBXContainerItemProxy;
			containerPortal = 213176A7211040FA00EAEAC6 /* Project object */;
			proxyType = 1;
			remoteGlobalIDString = 213176AE211040FA00EAEAC6;
			remoteInfo = emptyView;
		};
/* End PBXContainerItemProxy section */

/* Begin PBXFileReference section */
		1ECFB8B4224A17EE00273535 /* UITableView+empety.h */ = {isa = PBXFileReference; lastKnownFileType = sourcecode.c.h; path = "UITableView+empety.h"; sourceTree = "<group>"; };
		1ECFB8B5224A17EE00273535 /* UITableView+empety.m */ = {isa = PBXFileReference; lastKnownFileType = sourcecode.c.objc; path = "UITableView+empety.m"; sourceTree = "<group>"; };
		213176AF211040FA00EAEAC6 /* emptyView.app */ = {isa = PBXFileReference; explicitFileType = wrapper.application; includeInIndex = 0; path = emptyView.app; sourceTree = BUILT_PRODUCTS_DIR; };
		213176B2211040FA00EAEAC6 /* AppDelegate.h */ = {isa = PBXFileReference; lastKnownFileType = sourcecode.c.h; path = AppDelegate.h; sourceTree = "<group>"; };
		213176B3211040FA00EAEAC6 /* AppDelegate.m */ = {isa = PBXFileReference; lastKnownFileType = sourcecode.c.objc; path = AppDelegate.m; sourceTree = "<group>"; };
		213176B5211040FA00EAEAC6 /* ViewController.h */ = {isa = PBXFileReference; lastKnownFileType = sourcecode.c.h; path = ViewController.h; sourceTree = "<group>"; };
		213176B6211040FA00EAEAC6 /* ViewController.m */ = {isa = PBXFileReference; lastKnownFileType = sourcecode.c.objc; path = ViewController.m; sourceTree = "<group>"; };
		213176B9211040FA00EAEAC6 /* Base */ = {isa = PBXFileReference; lastKnownFileType = file.storyboard; name = Base; path = Base.lproj/Main.storyboard; sourceTree = "<group>"; };
		213176BC211040FA00EAEAC6 /* emptyView.xcdatamodel */ = {isa = PBXFileReference; lastKnownFileType = wrapper.xcdatamodel; path = emptyView.xcdatamodel; sourceTree = "<group>"; };
		213176BE211040FC00EAEAC6 /* Assets.xcassets */ = {isa = PBXFileReference; lastKnownFileType = folder.assetcatalog; path = Assets.xcassets; sourceTree = "<group>"; };
		213176C1211040FC00EAEAC6 /* Base */ = {isa = PBXFileReference; lastKnownFileType = file.storyboard; name = Base; path = Base.lproj/LaunchScreen.storyboard; sourceTree = "<group>"; };
		213176C3211040FC00EAEAC6 /* Info.plist */ = {isa = PBXFileReference; lastKnownFileType = text.plist.xml; path = Info.plist; sourceTree = "<group>"; };
		213176C4211040FC00EAEAC6 /* main.m */ = {isa = PBXFileReference; lastKnownFileType = sourcecode.c.objc; path = main.m; sourceTree = "<group>"; };
		213176CA211040FC00EAEAC6 /* emptyViewTests.xctest */ = {isa = PBXFileReference; explicitFileType = wrapper.cfbundle; includeInIndex = 0; path = emptyViewTests.xctest; sourceTree = BUILT_PRODUCTS_DIR; };
		213176CE211040FC00EAEAC6 /* emptyViewTests.m */ = {isa = PBXFileReference; lastKnownFileType = sourcecode.c.objc; path = emptyViewTests.m; sourceTree = "<group>"; };
		213176D0211040FC00EAEAC6 /* Info.plist */ = {isa = PBXFileReference; lastKnownFileType = text.plist.xml; path = Info.plist; sourceTree = "<group>"; };
		213176D5211040FC00EAEAC6 /* emptyViewUITests.xctest */ = {isa = PBXFileReference; explicitFileType = wrapper.cfbundle; includeInIndex = 0; path = emptyViewUITests.xctest; sourceTree = BUILT_PRODUCTS_DIR; };
		213176D9211040FC00EAEAC6 /* emptyViewUITests.m */ = {isa = PBXFileReference; lastKnownFileType = sourcecode.c.objc; path = emptyViewUITests.m; sourceTree = "<group>"; };
		213176DB211040FC00EAEAC6 /* Info.plist */ = {isa = PBXFileReference; lastKnownFileType = text.plist.xml; path = Info.plist; sourceTree = "<group>"; };
		213176E7211041FA00EAEAC6 /* FYEmptyView.h */ = {isa = PBXFileReference; lastKnownFileType = sourcecode.c.h; path = FYEmptyView.h; sourceTree = "<group>"; };
		213176E8211041FA00EAEAC6 /* FYEmptyView.m */ = {isa = PBXFileReference; lastKnownFileType = sourcecode.c.objc; path = FYEmptyView.m; sourceTree = "<group>"; };
		34AE49B9D60003A1AA73DB28 /* libPods-emptyViewUITests.a */ = {isa = PBXFileReference; explicitFileType = archive.ar; includeInIndex = 0; path = "libPods-emptyViewUITests.a"; sourceTree = BUILT_PRODUCTS_DIR; };
		48DDE9280AF9DE376447A417 /* Pods-emptyViewUITests.debug.xcconfig */ = {isa = PBXFileReference; includeInIndex = 1; lastKnownFileType = text.xcconfig; name = "Pods-emptyViewUITests.debug.xcconfig"; path = "Target Support Files/Pods-emptyViewUITests/Pods-emptyViewUITests.debug.xcconfig"; sourceTree = "<group>"; };
		7284F1705562160E62C2A009 /* Pods-emptyViewTests.debug.xcconfig */ = {isa = PBXFileReference; includeInIndex = 1; lastKnownFileType = text.xcconfig; name = "Pods-emptyViewTests.debug.xcconfig"; path = "Target Support Files/Pods-emptyViewTests/Pods-emptyViewTests.debug.xcconfig"; sourceTree = "<group>"; };
		7C1A8C5BB11E873B9F567D80 /* Pods-emptyViewUITests.release.xcconfig */ = {isa = PBXFileReference; includeInIndex = 1; lastKnownFileType = text.xcconfig; name = "Pods-emptyViewUITests.release.xcconfig"; path = "Target Support Files/Pods-emptyViewUITests/Pods-emptyViewUITests.release.xcconfig"; sourceTree = "<group>"; };
		942EF05D4B39BE2F69DCDC69 /* Pods-emptyView.debug.xcconfig */ = {isa = PBXFileReference; includeInIndex = 1; lastKnownFileType = text.xcconfig; name = "Pods-emptyView.debug.xcconfig"; path = "Target Support Files/Pods-emptyView/Pods-emptyView.debug.xcconfig"; sourceTree = "<group>"; };
		996232370EAD6076F255E719 /* Pods-emptyViewTests.release.xcconfig */ = {isa = PBXFileReference; includeInIndex = 1; lastKnownFileType = text.xcconfig; name = "Pods-emptyViewTests.release.xcconfig"; path = "Target Support Files/Pods-emptyViewTests/Pods-emptyViewTests.release.xcconfig"; sourceTree = "<group>"; };
		D4E809B26FEBFAD4FCB045D7 /* libPods-emptyView.a */ = {isa = PBXFileReference; explicitFileType = archive.ar; includeInIndex = 0; path = "libPods-emptyView.a"; sourceTree = BUILT_PRODUCTS_DIR; };
		E38AFA2813E8BD318FA11CD1 /* libPods-emptyViewTests.a */ = {isa = PBXFileReference; explicitFileType = archive.ar; includeInIndex = 0; path = "libPods-emptyViewTests.a"; sourceTree = BUILT_PRODUCTS_DIR; };
		F8350D8C062E137F4DC093AD /* Pods-emptyView.release.xcconfig */ = {isa = PBXFileReference; includeInIndex = 1; lastKnownFileType = text.xcconfig; name = "Pods-emptyView.release.xcconfig"; path = "Target Support Files/Pods-emptyView/Pods-emptyView.release.xcconfig"; sourceTree = "<group>"; };
/* End PBXFileReference section */

/* Begin PBXFrameworksBuildPhase section */
		213176AC211040FA00EAEAC6 /* Frameworks */ = {
			isa = PBXFrameworksBuildPhase;
			buildActionMask = 2147483647;
			files = (
				0F142362CEBED30C16775D04 /* libPods-emptyView.a in Frameworks */,
			);
			runOnlyForDeploymentPostprocessing = 0;
		};
		213176C7211040FC00EAEAC6 /* Frameworks */ = {
			isa = PBXFrameworksBuildPhase;
			buildActionMask = 2147483647;
			files = (
				10A4DE1089198F9CF8770776 /* libPods-emptyViewTests.a in Frameworks */,
			);
			runOnlyForDeploymentPostprocessing = 0;
		};
		213176D2211040FC00EAEAC6 /* Frameworks */ = {
			isa = PBXFrameworksBuildPhase;
			buildActionMask = 2147483647;
			files = (
				758C0EC431E416084666FCB2 /* libPods-emptyViewUITests.a in Frameworks */,
			);
			runOnlyForDeploymentPostprocessing = 0;
		};
/* End PBXFrameworksBuildPhase section */

/* Begin PBXGroup section */
		1ECFB8B3224A15C900273535 /* FYEmptyView */ = {
			isa = PBXGroup;
			children = (
				213176E7211041FA00EAEAC6 /* FYEmptyView.h */,
				213176E8211041FA00EAEAC6 /* FYEmptyView.m */,
				1ECFB8B4224A17EE00273535 /* UITableView+empety.h */,
				1ECFB8B5224A17EE00273535 /* UITableView+empety.m */,
			);
			path = FYEmptyView;
			sourceTree = "<group>";
		};
		2026A5EE89625709F79F7875 /* Frameworks */ = {
			isa = PBXGroup;
			children = (
				D4E809B26FEBFAD4FCB045D7 /* libPods-emptyView.a */,
				E38AFA2813E8BD318FA11CD1 /* libPods-emptyViewTests.a */,
				34AE49B9D60003A1AA73DB28 /* libPods-emptyViewUITests.a */,
			);
			name = Frameworks;
			sourceTree = "<group>";
		};
		213176A6211040FA00EAEAC6 = {
			isa = PBXGroup;
			children = (
				213176B1211040FA00EAEAC6 /* emptyView */,
				213176CD211040FC00EAEAC6 /* emptyViewTests */,
				213176D8211040FC00EAEAC6 /* emptyViewUITests */,
				213176B0211040FA00EAEAC6 /* Products */,
				4AF44BD62CEB3E3FB4AC5679 /* Pods */,
				2026A5EE89625709F79F7875 /* Frameworks */,
			);
			sourceTree = "<group>";
		};
		213176B0211040FA00EAEAC6 /* Products */ = {
			isa = PBXGroup;
			children = (
				213176AF211040FA00EAEAC6 /* emptyView.app */,
				213176CA211040FC00EAEAC6 /* emptyViewTests.xctest */,
				213176D5211040FC00EAEAC6 /* emptyViewUITests.xctest */,
			);
			name = Products;
			sourceTree = "<group>";
		};
		213176B1211040FA00EAEAC6 /* emptyView */ = {
			isa = PBXGroup;
			children = (
				213176B2211040FA00EAEAC6 /* AppDelegate.h */,
				213176B3211040FA00EAEAC6 /* AppDelegate.m */,
				213176B5211040FA00EAEAC6 /* ViewController.h */,
				213176B6211040FA00EAEAC6 /* ViewController.m */,
				1ECFB8B3224A15C900273535 /* FYEmptyView */,
				213176B8211040FA00EAEAC6 /* Main.storyboard */,
				213176BE211040FC00EAEAC6 /* Assets.xcassets */,
				213176C0211040FC00EAEAC6 /* LaunchScreen.storyboard */,
				213176C3211040FC00EAEAC6 /* Info.plist */,
				213176C4211040FC00EAEAC6 /* main.m */,
				213176BB211040FA00EAEAC6 /* emptyView.xcdatamodeld */,
			);
			path = emptyView;
			sourceTree = "<group>";
		};
		213176CD211040FC00EAEAC6 /* emptyViewTests */ = {
			isa = PBXGroup;
			children = (
				213176CE211040FC00EAEAC6 /* emptyViewTests.m */,
				213176D0211040FC00EAEAC6 /* Info.plist */,
			);
			path = emptyViewTests;
			sourceTree = "<group>";
		};
		213176D8211040FC00EAEAC6 /* emptyViewUITests */ = {
			isa = PBXGroup;
			children = (
				213176D9211040FC00EAEAC6 /* emptyViewUITests.m */,
				213176DB211040FC00EAEAC6 /* Info.plist */,
			);
			path = emptyViewUITests;
			sourceTree = "<group>";
		};
		4AF44BD62CEB3E3FB4AC5679 /* Pods */ = {
			isa = PBXGroup;
			children = (
				942EF05D4B39BE2F69DCDC69 /* Pods-emptyView.debug.xcconfig */,
				F8350D8C062E137F4DC093AD /* Pods-emptyView.release.xcconfig */,
				7284F1705562160E62C2A009 /* Pods-emptyViewTests.debug.xcconfig */,
				996232370EAD6076F255E719 /* Pods-emptyViewTests.release.xcconfig */,
				48DDE9280AF9DE376447A417 /* Pods-emptyViewUITests.debug.xcconfig */,
				7C1A8C5BB11E873B9F567D80 /* Pods-emptyViewUITests.release.xcconfig */,
			);
			name = Pods;
			path = Pods;
			sourceTree = "<group>";
		};
/* End PBXGroup section */

/* Begin PBXNativeTarget section */
		213176AE211040FA00EAEAC6 /* emptyView */ = {
			isa = PBXNativeTarget;
			buildConfigurationList = 213176DE211040FC00EAEAC6 /* Build configuration list for PBXNativeTarget "emptyView" */;
			buildPhases = (
				8BEA8C71A9C401F10C3824D5 /* [CP] Check Pods Manifest.lock */,
				213176AB211040FA00EAEAC6 /* Sources */,
				213176AC211040FA00EAEAC6 /* Frameworks */,
				213176AD211040FA00EAEAC6 /* Resources */,
			);
			buildRules = (
			);
			dependencies = (
			);
			name = emptyView;
			productName = emptyView;
			productReference = 213176AF211040FA00EAEAC6 /* emptyView.app */;
			productType = "com.apple.product-type.application";
		};
		213176C9211040FC00EAEAC6 /* emptyViewTests */ = {
			isa = PBXNativeTarget;
			buildConfigurationList = 213176E1211040FC00EAEAC6 /* Build configuration list for PBXNativeTarget "emptyViewTests" */;
			buildPhases = (
				0669C44EAE2CA7FE97EC8F5D /* [CP] Check Pods Manifest.lock */,
				213176C6211040FC00EAEAC6 /* Sources */,
				213176C7211040FC00EAEAC6 /* Frameworks */,
				213176C8211040FC00EAEAC6 /* Resources */,
			);
			buildRules = (
			);
			dependencies = (
				213176CC211040FC00EAEAC6 /* PBXTargetDependency */,
			);
			name = emptyViewTests;
			productName = emptyViewTests;
			productReference = 213176CA211040FC00EAEAC6 /* emptyViewTests.xctest */;
			productType = "com.apple.product-type.bundle.unit-test";
		};
		213176D4211040FC00EAEAC6 /* emptyViewUITests */ = {
			isa = PBXNativeTarget;
			buildConfigurationList = 213176E4211040FC00EAEAC6 /* Build configuration list for PBXNativeTarget "emptyViewUITests" */;
			buildPhases = (
				0CFDBC3EF21150AE5AFB8B54 /* [CP] Check Pods Manifest.lock */,
				213176D1211040FC00EAEAC6 /* Sources */,
				213176D2211040FC00EAEAC6 /* Frameworks */,
				213176D3211040FC00EAEAC6 /* Resources */,
			);
			buildRules = (
			);
			dependencies = (
				213176D7211040FC00EAEAC6 /* PBXTargetDependency */,
			);
			name = emptyViewUITests;
			productName = emptyViewUITests;
			productReference = 213176D5211040FC00EAEAC6 /* emptyViewUITests.xctest */;
			productType = "com.apple.product-type.bundle.ui-testing";
		};
/* End PBXNativeTarget section */

/* Begin PBXProject section */
		213176A7211040FA00EAEAC6 /* Project object */ = {
			isa = PBXProject;
			attributes = {
				LastUpgradeCheck = 0940;
				ORGANIZATIONNAME = wang;
				TargetAttributes = {
					213176AE211040FA00EAEAC6 = {
						CreatedOnToolsVersion = 9.4.1;
					};
					213176C9211040FC00EAEAC6 = {
						CreatedOnToolsVersion = 9.4.1;
						TestTargetID = 213176AE211040FA00EAEAC6;
					};
					213176D4211040FC00EAEAC6 = {
						CreatedOnToolsVersion = 9.4.1;
						TestTargetID = 213176AE211040FA00EAEAC6;
					};
				};
			};
			buildConfigurationList = 213176AA211040FA00EAEAC6 /* Build configuration list for PBXProject "emptyView" */;
			compatibilityVersion = "Xcode 9.3";
			developmentRegion = en;
			hasScannedForEncodings = 0;
			knownRegions = (
				en,
				Base,
			);
			mainGroup = 213176A6211040FA00EAEAC6;
			productRefGroup = 213176B0211040FA00EAEAC6 /* Products */;
			projectDirPath = "";
			projectRoot = "";
			targets = (
				213176AE211040FA00EAEAC6 /* emptyView */,
				213176C9211040FC00EAEAC6 /* emptyViewTests */,
				213176D4211040FC00EAEAC6 /* emptyViewUITests */,
			);
		};
/* End PBXProject section */

/* Begin PBXResourcesBuildPhase section */
		213176AD211040FA00EAEAC6 /* Resources */ = {
			isa = PBXResourcesBuildPhase;
			buildActionMask = 2147483647;
			files = (
				213176C2211040FC00EAEAC6 /* LaunchScreen.storyboard in Resources */,
				213176BF211040FC00EAEAC6 /* Assets.xcassets in Resources */,
				213176BA211040FA00EAEAC6 /* Main.storyboard in Resources */,
			);
			runOnlyForDeploymentPostprocessing = 0;
		};
		213176C8211040FC00EAEAC6 /* Resources */ = {
			isa = PBXResourcesBuildPhase;
			buildActionMask = 2147483647;
			files = (
			);
			runOnlyForDeploymentPostprocessing = 0;
		};
		213176D3211040FC00EAEAC6 /* Resources */ = {
			isa = PBXResourcesBuildPhase;
			buildActionMask = 2147483647;
			files = (
			);
			runOnlyForDeploymentPostprocessing = 0;
		};
/* End PBXResourcesBuildPhase section */

/* Begin PBXShellScriptBuildPhase section */
		0669C44EAE2CA7FE97EC8F5D /* [CP] Check Pods Manifest.lock */ = {
			isa = PBXShellScriptBuildPhase;
			buildActionMask = 2147483647;
			files = (
			);
			inputFileListPaths = (
			);
			inputPaths = (
				"${PODS_PODFILE_DIR_PATH}/Podfile.lock",
				"${PODS_ROOT}/Manifest.lock",
			);
			name = "[CP] Check Pods Manifest.lock";
			outputFileListPaths = (
			);
			outputPaths = (
				"$(DERIVED_FILE_DIR)/Pods-emptyViewTests-checkManifestLockResult.txt",
			);
			runOnlyForDeploymentPostprocessing = 0;
			shellPath = /bin/sh;
			shellScript = "diff \"${PODS_PODFILE_DIR_PATH}/Podfile.lock\" \"${PODS_ROOT}/Manifest.lock\" > /dev/null\nif [ $? != 0 ] ; then\n    # print error to STDERR\n    echo \"error: The sandbox is not in sync with the Podfile.lock. Run 'pod install' or update your CocoaPods installation.\" >&2\n    exit 1\nfi\n# This output is used by Xcode 'outputs' to avoid re-running this script phase.\necho \"SUCCESS\" > \"${SCRIPT_OUTPUT_FILE_0}\"\n";
			showEnvVarsInLog = 0;
		};
		0CFDBC3EF21150AE5AFB8B54 /* [CP] Check Pods Manifest.lock */ = {
			isa = PBXShellScriptBuildPhase;
			buildActionMask = 2147483647;
			files = (
			);
			inputFileListPaths = (
			);
			inputPaths = (
				"${PODS_PODFILE_DIR_PATH}/Podfile.lock",
				"${PODS_ROOT}/Manifest.lock",
			);
			name = "[CP] Check Pods Manifest.lock";
			outputFileListPaths = (
			);
			outputPaths = (
				"$(DERIVED_FILE_DIR)/Pods-emptyViewUITests-checkManifestLockResult.txt",
			);
			runOnlyForDeploymentPostprocessing = 0;
			shellPath = /bin/sh;
			shellScript = "diff \"${PODS_PODFILE_DIR_PATH}/Podfile.lock\" \"${PODS_ROOT}/Manifest.lock\" > /dev/null\nif [ $? != 0 ] ; then\n    # print error to STDERR\n    echo \"error: The sandbox is not in sync with the Podfile.lock. Run 'pod install' or update your CocoaPods installation.\" >&2\n    exit 1\nfi\n# This output is used by Xcode 'outputs' to avoid re-running this script phase.\necho \"SUCCESS\" > \"${SCRIPT_OUTPUT_FILE_0}\"\n";
			showEnvVarsInLog = 0;
		};
		8BEA8C71A9C401F10C3824D5 /* [CP] Check Pods Manifest.lock */ = {
			isa = PBXShellScriptBuildPhase;
			buildActionMask = 2147483647;
			files = (
			);
			inputFileListPaths = (
			);
			inputPaths = (
				"${PODS_PODFILE_DIR_PATH}/Podfile.lock",
				"${PODS_ROOT}/Manifest.lock",
			);
			name = "[CP] Check Pods Manifest.lock";
			outputFileListPaths = (
			);
			outputPaths = (
				"$(DERIVED_FILE_DIR)/Pods-emptyView-checkManifestLockResult.txt",
			);
			runOnlyForDeploymentPostprocessing = 0;
			shellPath = /bin/sh;
			shellScript = "diff \"${PODS_PODFILE_DIR_PATH}/Podfile.lock\" \"${PODS_ROOT}/Manifest.lock\" > /dev/null\nif [ $? != 0 ] ; then\n    # print error to STDERR\n    echo \"error: The sandbox is not in sync with the Podfile.lock. Run 'pod install' or update your CocoaPods installation.\" >&2\n    exit 1\nfi\n# This output is used by Xcode 'outputs' to avoid re-running this script phase.\necho \"SUCCESS\" > \"${SCRIPT_OUTPUT_FILE_0}\"\n";
			showEnvVarsInLog = 0;
		};
/* End PBXShellScriptBuildPhase section */

/* Begin PBXSourcesBuildPhase section */
		213176AB211040FA00EAEAC6 /* Sources */ = {
			isa = PBXSourcesBuildPhase;
			buildActionMask = 2147483647;
			files = (
				213176BD211040FA00EAEAC6 /* emptyView.xcdatamodeld in Sources */,
				213176B7211040FA00EAEAC6 /* ViewController.m in Sources */,
				213176C5211040FC00EAEAC6 /* main.m in Sources */,
				213176E9211041FA00EAEAC6 /* FYEmptyView.m in Sources */,
				213176B4211040FA00EAEAC6 /* AppDelegate.m in Sources */,
				1ECFB8B6224A17EE00273535 /* UITableView+empety.m in Sources */,
			);
			runOnlyForDeploymentPostprocessing = 0;
		};
		213176C6211040FC00EAEAC6 /* Sources */ = {
			isa = PBXSourcesBuildPhase;
			buildActionMask = 2147483647;
			files = (
				213176CF211040FC00EAEAC6 /* emptyViewTests.m in Sources */,
			);
			runOnlyForDeploymentPostprocessing = 0;
		};
		213176D1211040FC00EAEAC6 /* Sources */ = {
			isa = PBXSourcesBuildPhase;
			buildActionMask = 2147483647;
			files = (
				213176DA211040FC00EAEAC6 /* emptyViewUITests.m in Sources */,
			);
			runOnlyForDeploymentPostprocessing = 0;
		};
/* End PBXSourcesBuildPhase section */

/* Begin PBXTargetDependency section */
		213176CC211040FC00EAEAC6 /* PBXTargetDependency */ = {
			isa = PBXTargetDependency;
			target = 213176AE211040FA00EAEAC6 /* emptyView */;
			targetProxy = 213176CB211040FC00EAEAC6 /* PBXContainerItemProxy */;
		};
		213176D7211040FC00EAEAC6 /* PBXTargetDependency */ = {
			isa = PBXTargetDependency;
			target = 213176AE211040FA00EAEAC6 /* emptyView */;
			targetProxy = 213176D6211040FC00EAEAC6 /* PBXContainerItemProxy */;
		};
/* End PBXTargetDependency section */

/* Begin PBXVariantGroup section */
		213176B8211040FA00EAEAC6 /* Main.storyboard */ = {
			isa = PBXVariantGroup;
			children = (
				213176B9211040FA00EAEAC6 /* Base */,
			);
			name = Main.storyboard;
			sourceTree = "<group>";
		};
		213176C0211040FC00EAEAC6 /* LaunchScreen.storyboard */ = {
			isa = PBXVariantGroup;
			children = (
				213176C1211040FC00EAEAC6 /* Base */,
			);
			name = LaunchScreen.storyboard;
			sourceTree = "<group>";
		};
/* End PBXVariantGroup section */

/* Begin XCBuildConfiguration section */
		213176DC211040FC00EAEAC6 /* Debug */ = {
			isa = XCBuildConfiguration;
			buildSettings = {
				ALWAYS_SEARCH_USER_PATHS = NO;
				CLANG_ANALYZER_NONNULL = YES;
				CLANG_ANALYZER_NUMBER_OBJECT_CONVERSION = YES_AGGRESSIVE;
				CLANG_CXX_LANGUAGE_STANDARD = "gnu++14";
				CLANG_CXX_LIBRARY = "libc++";
				CLANG_ENABLE_MODULES = YES;
				CLANG_ENABLE_OBJC_ARC = YES;
				CLANG_ENABLE_OBJC_WEAK = YES;
				CLANG_WARN_BLOCK_CAPTURE_AUTORELEASING = YES;
				CLANG_WARN_BOOL_CONVERSION = YES;
				CLANG_WARN_COMMA = YES;
				CLANG_WARN_CONSTANT_CONVERSION = YES;
				CLANG_WARN_DEPRECATED_OBJC_IMPLEMENTATIONS = YES;
				CLANG_WARN_DIRECT_OBJC_ISA_USAGE = YES_ERROR;
				CLANG_WARN_DOCUMENTATION_COMMENTS = YES;
				CLANG_WARN_EMPTY_BODY = YES;
				CLANG_WARN_ENUM_CONVERSION = YES;
				CLANG_WARN_INFINITE_RECURSION = YES;
				CLANG_WARN_INT_CONVERSION = YES;
				CLANG_WARN_NON_LITERAL_NULL_CONVERSION = YES;
				CLANG_WARN_OBJC_IMPLICIT_RETAIN_SELF = YES;
				CLANG_WARN_OBJC_LITERAL_CONVERSION = YES;
				CLANG_WARN_OBJC_ROOT_CLASS = YES_ERROR;
				CLANG_WARN_RANGE_LOOP_ANALYSIS = YES;
				CLANG_WARN_STRICT_PROTOTYPES = YES;
				CLANG_WARN_SUSPICIOUS_MOVE = YES;
				CLANG_WARN_UNGUARDED_AVAILABILITY = YES_AGGRESSIVE;
				CLANG_WARN_UNREACHABLE_CODE = YES;
				CLANG_WARN__DUPLICATE_METHOD_MATCH = YES;
				CODE_SIGN_IDENTITY = "iPhone Developer";
				COPY_PHASE_STRIP = NO;
				DEBUG_INFORMATION_FORMAT = dwarf;
				ENABLE_STRICT_OBJC_MSGSEND = YES;
				ENABLE_TESTABILITY = YES;
				GCC_C_LANGUAGE_STANDARD = gnu11;
				GCC_DYNAMIC_NO_PIC = NO;
				GCC_NO_COMMON_BLOCKS = YES;
				GCC_OPTIMIZATION_LEVEL = 0;
				GCC_PREPROCESSOR_DEFINITIONS = (
					"DEBUG=1",
					"$(inherited)",
				);
				GCC_WARN_64_TO_32_BIT_CONVERSION = YES;
				GCC_WARN_ABOUT_RETURN_TYPE = YES_ERROR;
				GCC_WARN_UNDECLARED_SELECTOR = YES;
				GCC_WARN_UNINITIALIZED_AUTOS = YES_AGGRESSIVE;
				GCC_WARN_UNUSED_FUNCTION = YES;
				GCC_WARN_UNUSED_VARIABLE = YES;
				IPHONEOS_DEPLOYMENT_TARGET = 11.4;
				MTL_ENABLE_DEBUG_INFO = YES;
				ONLY_ACTIVE_ARCH = YES;
				SDKROOT = iphoneos;
			};
			name = Debug;
		};
		213176DD211040FC00EAEAC6 /* Release */ = {
			isa = XCBuildConfiguration;
			buildSettings = {
				ALWAYS_SEARCH_USER_PATHS = NO;
				CLANG_ANALYZER_NONNULL = YES;
				CLANG_ANALYZER_NUMBER_OBJECT_CONVERSION = YES_AGGRESSIVE;
				CLANG_CXX_LANGUAGE_STANDARD = "gnu++14";
				CLANG_CXX_LIBRARY = "libc++";
				CLANG_ENABLE_MODULES = YES;
				CLANG_ENABLE_OBJC_ARC = YES;
				CLANG_ENABLE_OBJC_WEAK = YES;
				CLANG_WARN_BLOCK_CAPTURE_AUTORELEASING = YES;
				CLANG_WARN_BOOL_CONVERSION = YES;
				CLANG_WARN_COMMA = YES;
				CLANG_WARN_CONSTANT_CONVERSION = YES;
				CLANG_WARN_DEPRECATED_OBJC_IMPLEMENTATIONS = YES;
				CLANG_WARN_DIRECT_OBJC_ISA_USAGE = YES_ERROR;
				CLANG_WARN_DOCUMENTATION_COMMENTS = YES;
				CLANG_WARN_EMPTY_BODY = YES;
				CLANG_WARN_ENUM_CONVERSION = YES;
				CLANG_WARN_INFINITE_RECURSION = YES;
				CLANG_WARN_INT_CONVERSION = YES;
				CLANG_WARN_NON_LITERAL_NULL_CONVERSION = YES;
				CLANG_WARN_OBJC_IMPLICIT_RETAIN_SELF = YES;
				CLANG_WARN_OBJC_LITERAL_CONVERSION = YES;
				CLANG_WARN_OBJC_ROOT_CLASS = YES_ERROR;
				CLANG_WARN_RANGE_LOOP_ANALYSIS = YES;
				CLANG_WARN_STRICT_PROTOTYPES = YES;
				CLANG_WARN_SUSPICIOUS_MOVE = YES;
				CLANG_WARN_UNGUARDED_AVAILABILITY = YES_AGGRESSIVE;
				CLANG_WARN_UNREACHABLE_CODE = YES;
				CLANG_WARN__DUPLICATE_METHOD_MATCH = YES;
				CODE_SIGN_IDENTITY = "iPhone Developer";
				COPY_PHASE_STRIP = NO;
				DEBUG_INFORMATION_FORMAT = "dwarf-with-dsym";
				ENABLE_NS_ASSERTIONS = NO;
				ENABLE_STRICT_OBJC_MSGSEND = YES;
				GCC_C_LANGUAGE_STANDARD = gnu11;
				GCC_NO_COMMON_BLOCKS = YES;
				GCC_WARN_64_TO_32_BIT_CONVERSION = YES;
				GCC_WARN_ABOUT_RETURN_TYPE = YES_ERROR;
				GCC_WARN_UNDECLARED_SELECTOR = YES;
				GCC_WARN_UNINITIALIZED_AUTOS = YES_AGGRESSIVE;
				GCC_WARN_UNUSED_FUNCTION = YES;
				GCC_WARN_UNUSED_VARIABLE = YES;
				IPHONEOS_DEPLOYMENT_TARGET = 11.4;
				MTL_ENABLE_DEBUG_INFO = NO;
				SDKROOT = iphoneos;
				VALIDATE_PRODUCT = YES;
			};
			name = Release;
		};
		213176DF211040FC00EAEAC6 /* Debug */ = {
			isa = XCBuildConfiguration;
			baseConfigurationReference = 942EF05D4B39BE2F69DCDC69 /* Pods-emptyView.debug.xcconfig */;
			buildSettings = {
				ASSETCATALOG_COMPILER_APPICON_NAME = AppIcon;
				CODE_SIGN_STYLE = Automatic;
				INFOPLIST_FILE = emptyView/Info.plist;
				LD_RUNPATH_SEARCH_PATHS = (
					"$(inherited)",
					"@executable_path/Frameworks",
				);
				PRODUCT_BUNDLE_IDENTIFIER = demo.emptyView;
				PRODUCT_NAME = "$(TARGET_NAME)";
				TARGETED_DEVICE_FAMILY = "1,2";
			};
			name = Debug;
		};
		213176E0211040FC00EAEAC6 /* Release */ = {
			isa = XCBuildConfiguration;
			baseConfigurationReference = F8350D8C062E137F4DC093AD /* Pods-emptyView.release.xcconfig */;
			buildSettings = {
				ASSETCATALOG_COMPILER_APPICON_NAME = AppIcon;
				CODE_SIGN_STYLE = Automatic;
				INFOPLIST_FILE = emptyView/Info.plist;
				LD_RUNPATH_SEARCH_PATHS = (
					"$(inherited)",
					"@executable_path/Frameworks",
				);
				PRODUCT_BUNDLE_IDENTIFIER = demo.emptyView;
				PRODUCT_NAME = "$(TARGET_NAME)";
				TARGETED_DEVICE_FAMILY = "1,2";
			};
			name = Release;
		};
		213176E2211040FC00EAEAC6 /* Debug */ = {
			isa = XCBuildConfiguration;
			baseConfigurationReference = 7284F1705562160E62C2A009 /* Pods-emptyViewTests.debug.xcconfig */;
			buildSettings = {
				BUNDLE_LOADER = "$(TEST_HOST)";
				CODE_SIGN_STYLE = Automatic;
				INFOPLIST_FILE = emptyViewTests/Info.plist;
				LD_RUNPATH_SEARCH_PATHS = (
					"$(inherited)",
					"@executable_path/Frameworks",
					"@loader_path/Frameworks",
				);
				PRODUCT_BUNDLE_IDENTIFIER = demo.emptyViewTests;
				PRODUCT_NAME = "$(TARGET_NAME)";
				TARGETED_DEVICE_FAMILY = "1,2";
				TEST_HOST = "$(BUILT_PRODUCTS_DIR)/emptyView.app/emptyView";
			};
			name = Debug;
		};
		213176E3211040FC00EAEAC6 /* Release */ = {
			isa = XCBuildConfiguration;
			baseConfigurationReference = 996232370EAD6076F255E719 /* Pods-emptyViewTests.release.xcconfig */;
			buildSettings = {
				BUNDLE_LOADER = "$(TEST_HOST)";
				CODE_SIGN_STYLE = Automatic;
				INFOPLIST_FILE = emptyViewTests/Info.plist;
				LD_RUNPATH_SEARCH_PATHS = (
					"$(inherited)",
					"@executable_path/Frameworks",
					"@loader_path/Frameworks",
				);
				PRODUCT_BUNDLE_IDENTIFIER = demo.emptyViewTests;
				PRODUCT_NAME = "$(TARGET_NAME)";
				TARGETED_DEVICE_FAMILY = "1,2";
				TEST_HOST = "$(BUILT_PRODUCTS_DIR)/emptyView.app/emptyView";
			};
			name = Release;
		};
		213176E5211040FC00EAEAC6 /* Debug */ = {
			isa = XCBuildConfiguration;
			baseConfigurationReference = 48DDE9280AF9DE376447A417 /* Pods-emptyViewUITests.debug.xcconfig */;
			buildSettings = {
				CODE_SIGN_STYLE = Automatic;
				INFOPLIST_FILE = emptyViewUITests/Info.plist;
				LD_RUNPATH_SEARCH_PATHS = (
					"$(inherited)",
					"@executable_path/Frameworks",
					"@loader_path/Frameworks",
				);
				PRODUCT_BUNDLE_IDENTIFIER = demo.emptyViewUITests;
				PRODUCT_NAME = "$(TARGET_NAME)";
				TARGETED_DEVICE_FAMILY = "1,2";
				TEST_TARGET_NAME = emptyView;
			};
			name = Debug;
		};
		213176E6211040FC00EAEAC6 /* Release */ = {
			isa = XCBuildConfiguration;
			baseConfigurationReference = 7C1A8C5BB11E873B9F567D80 /* Pods-emptyViewUITests.release.xcconfig */;
			buildSettings = {
				CODE_SIGN_STYLE = Automatic;
				INFOPLIST_FILE = emptyViewUITests/Info.plist;
				LD_RUNPATH_SEARCH_PATHS = (
					"$(inherited)",
					"@executable_path/Frameworks",
					"@loader_path/Frameworks",
				);
				PRODUCT_BUNDLE_IDENTIFIER = demo.emptyViewUITests;
				PRODUCT_NAME = "$(TARGET_NAME)";
				TARGETED_DEVICE_FAMILY = "1,2";
				TEST_TARGET_NAME = emptyView;
			};
			name = Release;
		};
/* End XCBuildConfiguration section */

/* Begin XCConfigurationList section */
		213176AA211040FA00EAEAC6 /* Build configuration list for PBXProject "emptyView" */ = {
			isa = XCConfigurationList;
			buildConfigurations = (
				213176DC211040FC00EAEAC6 /* Debug */,
				213176DD211040FC00EAEAC6 /* Release */,
			);
			defaultConfigurationIsVisible = 0;
			defaultConfigurationName = Release;
		};
		213176DE211040FC00EAEAC6 /* Build configuration list for PBXNativeTarget "emptyView" */ = {
			isa = XCConfigurationList;
			buildConfigurations = (
				213176DF211040FC00EAEAC6 /* Debug */,
				213176E0211040FC00EAEAC6 /* Release */,
			);
			defaultConfigurationIsVisible = 0;
			defaultConfigurationName = Release;
		};
		213176E1211040FC00EAEAC6 /* Build configuration list for PBXNativeTarget "emptyViewTests" */ = {
			isa = XCConfigurationList;
			buildConfigurations = (
				213176E2211040FC00EAEAC6 /* Debug */,
				213176E3211040FC00EAEAC6 /* Release */,
			);
			defaultConfigurationIsVisible = 0;
			defaultConfigurationName = Release;
		};
		213176E4211040FC00EAEAC6 /* Build configuration list for PBXNativeTarget "emptyViewUITests" */ = {
			isa = XCConfigurationList;
			buildConfigurations = (
				213176E5211040FC00EAEAC6 /* Debug */,
				213176E6211040FC00EAEAC6 /* Release */,
			);
			defaultConfigurationIsVisible = 0;
			defaultConfigurationName = Release;
		};
/* End XCConfigurationList section */

/* Begin XCVersionGroup section */
		213176BB211040FA00EAEAC6 /* emptyView.xcdatamodeld */ = {
			isa = XCVersionGroup;
			children = (
				213176BC211040FA00EAEAC6 /* emptyView.xcdatamodel */,
			);
			currentVersion = 213176BC211040FA00EAEAC6 /* emptyView.xcdatamodel */;
			path = emptyView.xcdatamodeld;
			sourceTree = "<group>";
			versionGroupType = wrapper.xcdatamodel;
		};
/* End XCVersionGroup section */
	};
	rootObject = 213176A7211040FA00EAEAC6 /* Project object */;
}
